{
  "name": "moses-agent",
  "version": "1.0.2",
  "lockfileVersion": 3,
  "requires": true,
  "packages": {
    "": {
      "name": "moses-agent",
      "version": "1.0.2",
      "license": "MIT",
      "bin": {
        "moses-agent": "bin/moses-install.js"
      },
      "engines": {
        "node": ">=18"
      }
    }
  }
}
